// !$*UTF8*$!
{
	archiveVersion = 1;
	classes = {
	};
	objectVersion = 50;
	objects = {

/* Begin PBXBuildFile section */
		1CC0EF022519225B00BF1A99 /* AppDelegate.swift in Sources */ = {isa = PBXBuildFile; fileRef = 1CC0EF012519225B00BF1A99 /* AppDelegate.swift */; };
		1CC0EF042519225B00BF1A99 /* SceneDelegate.swift in Sources */ = {isa = PBXBuildFile; fileRef = 1CC0EF032519225B00BF1A99 /* SceneDelegate.swift */; };
		1CC0EF062519225B00BF1A99 /* ViewController.swift in Sources */ = {isa = PBXBuildFile; fileRef = 1CC0EF052519225B00BF1A99 /* ViewController.swift */; };
		1CC0EF092519225B00BF1A99 /* Main.storyboard in Resources */ = {isa = PBXBuildFile; fileRef = 1CC0EF072519225B00BF1A99 /* Main.storyboard */; };
		1CC0EF0B2519226000BF1A99 /* Assets.xcassets in Resources */ = {isa = PBXBuildFile; fileRef = 1CC0EF0A2519226000BF1A99 /* Assets.xcassets */; };
		1CC0EF0E2519226000BF1A99 /* LaunchScreen.storyboard in Resources */ = {isa = PBXBuildFile; fileRef = 1CC0EF0C2519226000BF1A99 /* LaunchScreen.storyboard */; };
		1CC0EF172519248E00BF1A99 /* Countries.swift in Sources */ = {isa = PBXBuildFile; fileRef = 1CC0EF162519248E00BF1A99 /* Countries.swift */; };
		1CC0EF1A251924D500BF1A99 /* Country.swift in Sources */ = {isa = PBXBuildFile; fileRef = 1CC0EF19251924D500BF1A99 /* Country.swift */; };
		1CC0EF1D2519258600BF1A99 /* countries.json in Resources */ = {isa = PBXBuildFile; fileRef = 1CC0EF1C2519258600BF1A99 /* countries.json */; };
		1CC0EF20251925CD00BF1A99 /* DetailViewController.swift in Sources */ = {isa = PBXBuildFile; fileRef = 1CC0EF1F251925CD00BF1A99 /* DetailViewController.swift */; };
/* End PBXBuildFile section */

/* Begin PBXFileReference section */
		1CC0EEFE2519225B00BF1A99 /* Challenge5.app */ = {isa = PBXFileReference; explicitFileType = wrapper.application; includeInIndex = 0; path = Challenge5.app; sourceTree = BUILT_PRODUCTS_DIR; };
		1CC0EF012519225B00BF1A99 /* AppDelegate.swift */ = {isa = PBXFileReference; lastKnownFileType = sourcecode.swift; path = AppDelegate.swift; sourceTree = "<group>"; };
		1CC0EF032519225B00BF1A99 /* SceneDelegate.swift */ = {isa = PBXFileReference; lastKnownFileType = sourcecode.swift; path = SceneDelegate.swift; sourceTree = "<group>"; };
		1CC0EF052519225B00BF1A99 /* ViewController.swift */ = {isa = PBXFileReference; lastKnownFileType = sourcecode.swift; path = ViewController.swift; sourceTree = "<group>"; };
		1CC0EF082519225B00BF1A99 /* Base */ = {isa = PBXFileReference; lastKnownFileType = file.storyboard; name = Base; path = Base.lproj/Main.storyboard; sourceTree = "<group>"; };
		1CC0EF0A2519226000BF1A99 /* Assets.xcassets */ = {isa = PBXFileReference; lastKnownFileType = folder.assetcatalog; path = Assets.xcassets; sourceTree = "<group>"; };
		1CC0EF0D2519226000BF1A99 /* Base */ = {isa = PBXFileReference; lastKnownFileType = file.storyboard; name = Base; path = Base.lproj/LaunchScreen.storyboard; sourceTree = "<group>"; };
		1CC0EF0F2519226000BF1A99 /* Info.plist */ = {isa = PBXFileReference; lastKnownFileType = text.plist.xml; path = Info.plist; sourceTree = "<group>"; };
		1CC0EF162519248E00BF1A99 /* Countries.swift */ = {isa = PBXFileReference; lastKnownFileType = sourcecode.swift; path = Countries.swift; sourceTree = "<group>"; };
		1CC0EF19251924D500BF1A99 /* Country.swift */ = {isa = PBXFileReference; lastKnownFileType = sourcecode.swift; path = Country.swift; sourceTree = "<group>"; };
		1CC0EF1C2519258600BF1A99 /* countries.json */ = {isa = PBXFileReference; fileEncoding = 4; lastKnownFileType = text.json; path = countries.json; sourceTree = "<group>"; };
		1CC0EF1F251925CD00BF1A99 /* DetailViewController.swift */ = {isa = PBXFileReference; lastKnownFileType = sourcecode.swift; path = DetailViewController.swift; sourceTree = "<group>"; };
/* End PBXFileReference section */

/* Begin PBXFrameworksBuildPhase section */
		1CC0EEFB2519225B00BF1A99 /* Frameworks */ = {
			isa = PBXFrameworksBuildPhase;
			buildActionMask = 2147483647;
			files = (
			);
			runOnlyForDeploymentPostprocessing = 0;
		};
/* End PBXFrameworksBuildPhase section */

/* Begin PBXGroup section */
		1CC0EEF52519225B00BF1A99 = {
			isa = PBXGroup;
			children = (
				1CC0EF002519225B00BF1A99 /* Challenge5 */,
				1CC0EEFF2519225B00BF1A99 /* Products */,
			);
			sourceTree = "<group>";
		};
		1CC0EEFF2519225B00BF1A99 /* Products */ = {
			isa = PBXGroup;
			children = (
				1CC0EEFE2519225B00BF1A99 /* Challenge5.app */,
			);
			name = Products;
			sourceTree = "<group>";
		};
		1CC0EF002519225B00BF1A99 /* Challenge5 */ = {
			isa = PBXGroup;
			children = (
				1CC0EF012519225B00BF1A99 /* AppDelegate.swift */,
				1CC0EF032519225B00BF1A99 /* SceneDelegate.swift */,
				1CC0EF052519225B00BF1A99 /* ViewController.swift */,
				1CC0EF1F251925CD00BF1A99 /* DetailViewController.swift */,
				1CC0EF162519248E00BF1A99 /* Countries.swift */,
				1CC0EF19251924D500BF1A99 /* Country.swift */,
				1CC0EF072519225B00BF1A99 /* Main.storyboard */,
				1CC0EF0A2519226000BF1A99 /* Assets.xcassets */,
				1CC0EF0C2519226000BF1A99 /* LaunchScreen.storyboard */,
				1CC0EF0F2519226000BF1A99 /* Info.plist */,
				1CC0EF1C2519258600BF1A99 /* countries.json */,
			);
			path = Challenge5;
			sourceTree = "<group>";
		};
/* End PBXGroup section */

/* Begin PBXNativeTarget section */
		1CC0EEFD2519225B00BF1A99 /* Challenge5 */ = {
			isa = PBXNativeTarget;
			buildConfigurationList = 1CC0EF122519226000BF1A99 /* Build configuration list for PBXNativeTarget "Challenge5" */;
			buildPhases = (
				1CC0EEFA2519225B00BF1A99 /* Sources */,
				1CC0EEFB2519225B00BF1A99 /* Frameworks */,
				1CC0EEFC2519225B00BF1A99 /* Resources */,
			);
			buildRules = (
			);
			dependencies = (
			);
			name = Challenge5;
			productName = Challenge5;
			productReference = 1CC0EEFE2519225B00BF1A99 /* Challenge5.app */;
			productType = "com.apple.product-type.application";
		};
/* End PBXNativeTarget section */

/* Begin PBXProject section */
		1CC0EEF62519225B00BF1A99 /* Project object */ = {
			isa = PBXProject;
			attributes = {
				LastSwiftUpdateCheck = 1200;
				LastUpgradeCheck = 1200;
				TargetAttributes = {
					1CC0EEFD2519225B00BF1A99 = {
						CreatedOnToolsVersion = 12.0;
					};
				};
			};
			buildConfigurationList = 1CC0EEF92519225B00BF1A99 /* Build configuration list for PBXProject "Challenge5" */;
			compatibilityVersion = "Xcode 9.3";
			developmentRegion = en;
			hasScannedForEncodings = 0;
			knownRegions = (
				en,
				Base,
			);
			mainGroup = 1CC0EEF52519225B00BF1A99;
			productRefGroup = 1CC0EEFF2519225B00BF1A99 /* Products */;
			projectDirPath = "";
			projectRoot = "";
			targets = (
				1CC0EEFD2519225B00BF1A99 /* Challenge5 */,
			);
		};
/* End PBXProject section */

/* Begin PBXResourcesBuildPhase section */
		1CC0EEFC2519225B00BF1A99 /* Resources */ = {
			isa = PBXResourcesBuildPhase;
			buildActionMask = 2147483647;
			files = (
				1CC0EF0E2519226000BF1A99 /* LaunchScreen.storyboard in Resources */,
				1CC0EF0B2519226000BF1A99 /* Assets.xcassets in Resources */,
				1CC0EF1D2519258600BF1A99 /* countries.json in Resources */,
				1CC0EF092519225B00BF1A99 /* Main.storyboard in Resources */,
			);
			runOnlyForDeploymentPostprocessing = 0;
		};
/* End PBXResourcesBuildPhase section */

/* Begin PBXSourcesBuildPhase section */
		1CC0EEFA2519225B00BF1A99 /* Sources */ = {
			isa = PBXSourcesBuildPhase;
			buildActionMask = 2147483647;
			files = (
				1CC0EF062519225B00BF1A99 /* ViewController.swift in Sources */,
				1CC0EF022519225B00BF1A99 /* AppDelegate.swift in Sources */,
				1CC0EF172519248E00BF1A99 /* Countries.swift in Sources */,
				1CC0EF20251925CD00BF1A99 /* DetailViewController.swift in Sources */,
				1CC0EF1A251924D500BF1A99 /* Country.swift in Sources */,
				1CC0EF042519225B00BF1A99 /* SceneDelegate.swift in Sources */,
			);
			runOnlyForDeploymentPostprocessing = 0;
		};
/* End PBXSourcesBuildPhase section */

/* Begin PBXVariantGroup section */
		1CC0EF072519225B00BF1A99 /* Main.storyboard */ = {
			isa = PBXVariantGroup;
			children = (
				1CC0EF082519225B00BF1A99 /* Base */,
			);
			name = Main.storyboard;
			sourceTree = "<group>";
		};
		1CC0EF0C2519226000BF1A99 /* LaunchScreen.storyboard */ = {
			isa = PBXVariantGroup;
			children = (
				1CC0EF0D2519226000BF1A99 /* Base */,
			);
			name = LaunchScreen.storyboard;
			sourceTree = "<group>";
		};
/* End PBXVariantGroup section */

/* Begin XCBuildConfiguration section */
		1CC0EF102519226000BF1A99 /* Debug */ = {
			isa = XCBuildConfiguration;
			buildSettings = {
				ALWAYS_SEARCH_USER_PATHS = NO;
				CLANG_ANALYZER_NONNULL = YES;
				CLANG_ANALYZER_NUMBER_OBJECT_CONVERSION = YES_AGGRESSIVE;
				CLANG_CXX_LANGUAGE_STANDARD = "gnu++14";
				CLANG_CXX_LIBRARY = "libc++";
				CLANG_ENABLE_MODULES = YES;
				CLANG_ENABLE_OBJC_ARC = YES;
				CLANG_ENABLE_OBJC_WEAK = YES;
				CLANG_WARN_BLOCK_CAPTURE_AUTORELEASING = YES;
				CLANG_WARN_BOOL_CONVERSION = YES;
				CLANG_WARN_COMMA = YES;
				CLANG_WARN_CONSTANT_CONVERSION = YES;
				CLANG_WARN_DEPRECATED_OBJC_IMPLEMENTATIONS = YES;
				CLANG_WARN_DIRECT_OBJC_ISA_USAGE = YES_ERROR;
				CLANG_WARN_DOCUMENTATION_COMMENTS = YES;
				CLANG_WARN_EMPTY_BODY = YES;
				CLANG_WARN_ENUM_CONVERSION = YES;
				CLANG_WARN_INFINITE_RECURSION = YES;
				CLANG_WARN_INT_CONVERSION = YES;
				CLANG_WARN_NON_LITERAL_NULL_CONVERSION = YES;
				CLANG_WARN_OBJC_IMPLICIT_RETAIN_SELF = YES;
				CLANG_WARN_OBJC_LITERAL_CONVERSION = YES;
				CLANG_WARN_OBJC_ROOT_CLASS = YES_ERROR;
				CLANG_WARN_QUOTED_INCLUDE_IN_FRAMEWORK_HEADER = YES;
				CLANG_WARN_RANGE_LOOP_ANALYSIS = YES;
				CLANG_WARN_STRICT_PROTOTYPES = YES;
				CLANG_WARN_SUSPICIOUS_MOVE = YES;
				CLANG_WARN_UNGUARDED_AVAILABILITY = YES_AGGRESSIVE;
				CLANG_WARN_UNREACHABLE_CODE = YES;
				CLANG_WARN__DUPLICATE_METHOD_MATCH = YES;
				COPY_PHASE_STRIP = NO;
				DEBUG_INFORMATION_FORMAT = dwarf;
				ENABLE_STRICT_OBJC_MSGSEND = YES;
				ENABLE_TESTABILITY = YES;
				GCC_C_LANGUAGE_STANDARD = gnu11;
				GCC_DYNAMIC_NO_PIC = NO;
				GCC_NO_COMMON_BLOCKS = YES;
				GCC_OPTIMIZATION_LEVEL = 0;
				GCC_PREPROCESSOR_DEFINITIONS = (
					"DEBUG=1",
					"$(inherited)",
				);
				GCC_WARN_64_TO_32_BIT_CONVERSION = YES;
				GCC_WARN_ABOUT_RETURN_TYPE = YES_ERROR;
				GCC_WARN_UNDECLARED_SELECTOR = YES;
				GCC_WARN_UNINITIALIZED_AUTOS = YES_AGGRESSIVE;
				GCC_WARN_UNUSED_FUNCTION = YES;
				GCC_WARN_UNUSED_VARIABLE = YES;
				IPHONEOS_DEPLOYMENT_TARGET = 14.0;
				MTL_ENABLE_DEBUG_INFO = INCLUDE_SOURCE;
				MTL_FAST_MATH = YES;
				ONLY_ACTIVE_ARCH = YES;
				SDKROOT = iphoneos;
				SWIFT_ACTIVE_COMPILATION_CONDITIONS = DEBUG;
				SWIFT_OPTIMIZATION_LEVEL = "-Onone";
			};
			name = Debug;
		};
		1CC0EF112519226000BF1A99 /* Release */ = {
			isa = XCBuildConfiguration;
			buildSettings = {
				ALWAYS_SEARCH_USER_PATHS = NO;
				CLANG_ANALYZER_NONNULL = YES;
				CLANG_ANALYZER_NUMBER_OBJECT_CONVERSION = YES_AGGRESSIVE;
				CLANG_CXX_LANGUAGE_STANDARD = "gnu++14";
				CLANG_CXX_LIBRARY = "libc++";
				CLANG_ENABLE_MODULES = YES;
				CLANG_ENABLE_OBJC_ARC = YES;
				CLANG_ENABLE_OBJC_WEAK = YES;
				CLANG_WARN_BLOCK_CAPTURE_AUTORELEASING = YES;
				CLANG_WARN_BOOL_CONVERSION = YES;
				CLANG_WARN_COMMA = YES;
				CLANG_WARN_CONSTANT_CONVERSION = YES;
				CLANG_WARN_DEPRECATED_OBJC_IMPLEMENTATIONS = YES;
				CLANG_WARN_DIRECT_OBJC_ISA_USAGE = YES_ERROR;
				CLANG_WARN_DOCUMENTATION_COMMENTS = YES;
				CLANG_WARN_EMPTY_BODY = YES;
				CLANG_WARN_ENUM_CONVERSION = YES;
				CLANG_WARN_INFINITE_RECURSION = YES;
				CLANG_WARN_INT_CONVERSION = YES;
				CLANG_WARN_NON_LITERAL_NULL_CONVERSION = YES;
				CLANG_WARN_OBJC_IMPLICIT_RETAIN_SELF = YES;
				CLANG_WARN_OBJC_LITERAL_CONVERSION = YES;
				CLANG_WARN_OBJC_ROOT_CLASS = YES_ERROR;
				CLANG_WARN_QUOTED_INCLUDE_IN_FRAMEWORK_HEADER = YES;
				CLANG_WARN_RANGE_LOOP_ANALYSIS = YES;
				CLANG_WARN_STRICT_PROTOTYPES = YES;
				CLANG_WARN_SUSPICIOUS_MOVE = YES;
				CLANG_WARN_UNGUARDED_AVAILABILITY = YES_AGGRESSIVE;
				CLANG_WARN_UNREACHABLE_CODE = YES;
				CLANG_WARN__DUPLICATE_METHOD_MATCH = YES;
				COPY_PHASE_STRIP = NO;
				DEBUG_INFORMATION_FORMAT = "dwarf-with-dsym";
				ENABLE_NS_ASSERTIONS = NO;
				ENABLE_STRICT_OBJC_MSGSEND = YES;
				GCC_C_LANGUAGE_STANDARD = gnu11;
				GCC_NO_COMMON_BLOCKS = YES;
				GCC_WARN_64_TO_32_BIT_CONVERSION = YES;
				GCC_WARN_ABOUT_RETURN_TYPE = YES_ERROR;
				GCC_WARN_UNDECLARED_SELECTOR = YES;
				GCC_WARN_UNINITIALIZED_AUTOS = YES_AGGRESSIVE;
				GCC_WARN_UNUSED_FUNCTION = YES;
				GCC_WARN_UNUSED_VARIABLE = YES;
				IPHONEOS_DEPLOYMENT_TARGET = 14.0;
				MTL_ENABLE_DEBUG_INFO = NO;
				MTL_FAST_MATH = YES;
				SDKROOT = iphoneos;
				SWIFT_COMPILATION_MODE = wholemodule;
				SWIFT_OPTIMIZATION_LEVEL = "-O";
				VALIDATE_PRODUCT = YES;
			};
			name = Release;
		};
		1CC0EF132519226000BF1A99 /* Debug */ = {
			isa = XCBuildConfiguration;
			buildSettings = {
				ASSETCATALOG_COMPILER_APPICON_NAME = AppIcon;
				ASSETCATALOG_COMPILER_GLOBAL_ACCENT_COLOR_NAME = AccentColor;
				CODE_SIGN_STYLE = Automatic;
				DEVELOPMENT_TEAM = HP6WDMAW63;
				INFOPLIST_FILE = Challenge5/Info.plist;
				LD_RUNPATH_SEARCH_PATHS = (
					"$(inherited)",
					"@executable_path/Frameworks",
				);
				PRODUCT_BUNDLE_IDENTIFIER = com.sahilsatralkar.Challenge5;
				PRODUCT_NAME = "$(TARGET_NAME)";
				SWIFT_VERSION = 5.0;
				TARGETED_DEVICE_FAMILY = "1,2";
			};
			name = Debug;
		};
		1CC0EF142519226000BF1A99 /* Release */ = {
			isa = XCBuildConfiguration;
			buildSettings = {
				ASSETCATALOG_COMPILER_APPICON_NAME = AppIcon;
				ASSETCATALOG_COMPILER_GLOBAL_ACCENT_COLOR_NAME = AccentColor;
				CODE_SIGN_STYLE = Automatic;
				DEVELOPMENT_TEAM = HP6WDMAW63;
				INFOPLIST_FILE = Challenge5/Info.plist;
				LD_RUNPATH_SEARCH_PATHS = (
					"$(inherited)",
					"@executable_path/Frameworks",
				);
				PRODUCT_BUNDLE_IDENTIFIER = com.sahilsatralkar.Challenge5;
				PRODUCT_NAME = "$(TARGET_NAME)";
				SWIFT_VERSION = 5.0;
				TARGETED_DEVICE_FAMILY = "1,2";
			};
			name = Release;
		};
/* End XCBuildConfiguration section */

/* Begin XCConfigurationList section */
		1CC0EEF92519225B00BF1A99 /* Build configuration list for PBXProject "Challenge5" */ = {
			isa = XCConfigurationList;
			buildConfigurations = (
				1CC0EF102519226000BF1A99 /* Debug */,
				1CC0EF112519226000BF1A99 /* Release */,
			);
			defaultConfigurationIsVisible = 0;
			defaultConfigurationName = Release;
		};
		1CC0EF122519226000BF1A99 /* Build configuration list for PBXNativeTarget "Challenge5" */ = {
			isa = XCConfigurationList;
			buildConfigurations = (
				1CC0EF132519226000BF1A99 /* Debug */,
				1CC0EF142519226000BF1A99 /* Release */,
			);
			defaultConfigurationIsVisible = 0;
			defaultConfigurationName = Release;
		};
/* End XCConfigurationList section */
	};
	rootObject = 1CC0EEF62519225B00BF1A99 /* Project object */;
}
