// !$*UTF8*$!
{
	archiveVersion = 1;
	classes = {
	};
	objectVersion = 50;
	objects = {

/* Begin PBXBuildFile section */
		1C864205253DC28400094367 /* AppDelegate.swift in Sources */ = {isa = PBXBuildFile; fileRef = 1C864204253DC28400094367 /* AppDelegate.swift */; };
		1C864207253DC28400094367 /* GameScene.sks in Resources */ = {isa = PBXBuildFile; fileRef = 1C864206253DC28400094367 /* GameScene.sks */; };
		1C86420B253DC28400094367 /* GameScene.swift in Sources */ = {isa = PBXBuildFile; fileRef = 1C86420A253DC28400094367 /* GameScene.swift */; };
		1C86420D253DC28400094367 /* GameViewController.swift in Sources */ = {isa = PBXBuildFile; fileRef = 1C86420C253DC28400094367 /* GameViewController.swift */; };
		1C864210253DC28400094367 /* Main.storyboard in Resources */ = {isa = PBXBuildFile; fileRef = 1C86420E253DC28400094367 /* Main.storyboard */; };
		1C864212253DC28A00094367 /* Assets.xcassets in Resources */ = {isa = PBXBuildFile; fileRef = 1C864211253DC28A00094367 /* Assets.xcassets */; };
		1C864226253DC30200094367 /* swoosh3.caf in Resources */ = {isa = PBXBuildFile; fileRef = 1C86421B253DC2FF00094367 /* swoosh3.caf */; };
		1C864227253DC30200094367 /* sliceHitBomb.sks in Resources */ = {isa = PBXBuildFile; fileRef = 1C86421C253DC2FF00094367 /* sliceHitBomb.sks */; };
		1C864228253DC30200094367 /* sliceHitEnemy.sks in Resources */ = {isa = PBXBuildFile; fileRef = 1C86421D253DC2FF00094367 /* sliceHitEnemy.sks */; };
		1C864229253DC30200094367 /* launch.caf in Resources */ = {isa = PBXBuildFile; fileRef = 1C86421E253DC30000094367 /* launch.caf */; };
		1C86422A253DC30200094367 /* explosion.caf in Resources */ = {isa = PBXBuildFile; fileRef = 1C86421F253DC30000094367 /* explosion.caf */; };
		1C86422B253DC30300094367 /* sliceFuse.sks in Resources */ = {isa = PBXBuildFile; fileRef = 1C864220253DC30000094367 /* sliceFuse.sks */; };
		1C86422C253DC30300094367 /* sliceBombFuse.caf in Resources */ = {isa = PBXBuildFile; fileRef = 1C864221253DC30100094367 /* sliceBombFuse.caf */; };
		1C86422D253DC30300094367 /* swoosh2.caf in Resources */ = {isa = PBXBuildFile; fileRef = 1C864222253DC30200094367 /* swoosh2.caf */; };
		1C86422E253DC30300094367 /* whack.caf in Resources */ = {isa = PBXBuildFile; fileRef = 1C864223253DC30200094367 /* whack.caf */; };
		1C86422F253DC30300094367 /* swoosh1.caf in Resources */ = {isa = PBXBuildFile; fileRef = 1C864224253DC30200094367 /* swoosh1.caf */; };
		1C864230253DC30300094367 /* wrong.caf in Resources */ = {isa = PBXBuildFile; fileRef = 1C864225253DC30200094367 /* wrong.caf */; };
/* End PBXBuildFile section */

/* Begin PBXFileReference section */
		1C864201253DC28400094367 /* Project23.app */ = {isa = PBXFileReference; explicitFileType = wrapper.application; includeInIndex = 0; path = Project23.app; sourceTree = BUILT_PRODUCTS_DIR; };
		1C864204253DC28400094367 /* AppDelegate.swift */ = {isa = PBXFileReference; lastKnownFileType = sourcecode.swift; path = AppDelegate.swift; sourceTree = "<group>"; };
		1C864206253DC28400094367 /* GameScene.sks */ = {isa = PBXFileReference; lastKnownFileType = file.sks; path = GameScene.sks; sourceTree = "<group>"; };
		1C86420A253DC28400094367 /* GameScene.swift */ = {isa = PBXFileReference; lastKnownFileType = sourcecode.swift; path = GameScene.swift; sourceTree = "<group>"; };
		1C86420C253DC28400094367 /* GameViewController.swift */ = {isa = PBXFileReference; lastKnownFileType = sourcecode.swift; path = GameViewController.swift; sourceTree = "<group>"; };
		1C86420F253DC28400094367 /* Base */ = {isa = PBXFileReference; lastKnownFileType = file.storyboard; name = Base; path = Base.lproj/Main.storyboard; sourceTree = "<group>"; };
		1C864211253DC28A00094367 /* Assets.xcassets */ = {isa = PBXFileReference; lastKnownFileType = folder.assetcatalog; path = Assets.xcassets; sourceTree = "<group>"; };
		1C864213253DC28A00094367 /* Info.plist */ = {isa = PBXFileReference; lastKnownFileType = text.plist.xml; path = Info.plist; sourceTree = "<group>"; };
		1C86421B253DC2FF00094367 /* swoosh3.caf */ = {isa = PBXFileReference; lastKnownFileType = file; path = swoosh3.caf; sourceTree = "<group>"; };
		1C86421C253DC2FF00094367 /* sliceHitBomb.sks */ = {isa = PBXFileReference; lastKnownFileType = file.sks; path = sliceHitBomb.sks; sourceTree = "<group>"; };
		1C86421D253DC2FF00094367 /* sliceHitEnemy.sks */ = {isa = PBXFileReference; lastKnownFileType = file.sks; path = sliceHitEnemy.sks; sourceTree = "<group>"; };
		1C86421E253DC30000094367 /* launch.caf */ = {isa = PBXFileReference; lastKnownFileType = file; path = launch.caf; sourceTree = "<group>"; };
		1C86421F253DC30000094367 /* explosion.caf */ = {isa = PBXFileReference; lastKnownFileType = file; path = explosion.caf; sourceTree = "<group>"; };
		1C864220253DC30000094367 /* sliceFuse.sks */ = {isa = PBXFileReference; lastKnownFileType = file.sks; path = sliceFuse.sks; sourceTree = "<group>"; };
		1C864221253DC30100094367 /* sliceBombFuse.caf */ = {isa = PBXFileReference; lastKnownFileType = file; path = sliceBombFuse.caf; sourceTree = "<group>"; };
		1C864222253DC30200094367 /* swoosh2.caf */ = {isa = PBXFileReference; lastKnownFileType = file; path = swoosh2.caf; sourceTree = "<group>"; };
		1C864223253DC30200094367 /* whack.caf */ = {isa = PBXFileReference; lastKnownFileType = file; path = whack.caf; sourceTree = "<group>"; };
		1C864224253DC30200094367 /* swoosh1.caf */ = {isa = PBXFileReference; lastKnownFileType = file; path = swoosh1.caf; sourceTree = "<group>"; };
		1C864225253DC30200094367 /* wrong.caf */ = {isa = PBXFileReference; lastKnownFileType = file; path = wrong.caf; sourceTree = "<group>"; };
/* End PBXFileReference section */

/* Begin PBXFrameworksBuildPhase section */
		1C8641FE253DC28400094367 /* Frameworks */ = {
			isa = PBXFrameworksBuildPhase;
			buildActionMask = 2147483647;
			files = (
			);
			runOnlyForDeploymentPostprocessing = 0;
		};
/* End PBXFrameworksBuildPhase section */

/* Begin PBXGroup section */
		1C8641F8253DC28300094367 = {
			isa = PBXGroup;
			children = (
				1C864203253DC28400094367 /* Project23 */,
				1C864202253DC28400094367 /* Products */,
			);
			sourceTree = "<group>";
		};
		1C864202253DC28400094367 /* Products */ = {
			isa = PBXGroup;
			children = (
				1C864201253DC28400094367 /* Project23.app */,
			);
			name = Products;
			sourceTree = "<group>";
		};
		1C864203253DC28400094367 /* Project23 */ = {
			isa = PBXGroup;
			children = (
				1C864204253DC28400094367 /* AppDelegate.swift */,
				1C864206253DC28400094367 /* GameScene.sks */,
				1C86420A253DC28400094367 /* GameScene.swift */,
				1C86420C253DC28400094367 /* GameViewController.swift */,
				1C86420E253DC28400094367 /* Main.storyboard */,
				1C864211253DC28A00094367 /* Assets.xcassets */,
				1C864213253DC28A00094367 /* Info.plist */,
				1C86421F253DC30000094367 /* explosion.caf */,
				1C86421E253DC30000094367 /* launch.caf */,
				1C864221253DC30100094367 /* sliceBombFuse.caf */,
				1C864220253DC30000094367 /* sliceFuse.sks */,
				1C86421C253DC2FF00094367 /* sliceHitBomb.sks */,
				1C86421D253DC2FF00094367 /* sliceHitEnemy.sks */,
				1C864224253DC30200094367 /* swoosh1.caf */,
				1C864222253DC30200094367 /* swoosh2.caf */,
				1C86421B253DC2FF00094367 /* swoosh3.caf */,
				1C864223253DC30200094367 /* whack.caf */,
				1C864225253DC30200094367 /* wrong.caf */,
			);
			path = Project23;
			sourceTree = "<group>";
		};
/* End PBXGroup section */

/* Begin PBXNativeTarget section */
		1C864200253DC28400094367 /* Project23 */ = {
			isa = PBXNativeTarget;
			buildConfigurationList = 1C864216253DC28A00094367 /* Build configuration list for PBXNativeTarget "Project23" */;
			buildPhases = (
				1C8641FD253DC28400094367 /* Sources */,
				1C8641FE253DC28400094367 /* Frameworks */,
				1C8641FF253DC28400094367 /* Resources */,
			);
			buildRules = (
			);
			dependencies = (
			);
			name = Project23;
			productName = Project23;
			productReference = 1C864201253DC28400094367 /* Project23.app */;
			productType = "com.apple.product-type.application";
		};
/* End PBXNativeTarget section */

/* Begin PBXProject section */
		1C8641F9253DC28300094367 /* Project object */ = {
			isa = PBXProject;
			attributes = {
				LastSwiftUpdateCheck = 1200;
				LastUpgradeCheck = 1200;
				TargetAttributes = {
					1C864200253DC28400094367 = {
						CreatedOnToolsVersion = 12.0.1;
					};
				};
			};
			buildConfigurationList = 1C8641FC253DC28300094367 /* Build configuration list for PBXProject "Project23" */;
			compatibilityVersion = "Xcode 9.3";
			developmentRegion = en;
			hasScannedForEncodings = 0;
			knownRegions = (
				en,
				Base,
			);
			mainGroup = 1C8641F8253DC28300094367;
			productRefGroup = 1C864202253DC28400094367 /* Products */;
			projectDirPath = "";
			projectRoot = "";
			targets = (
				1C864200253DC28400094367 /* Project23 */,
			);
		};
/* End PBXProject section */

/* Begin PBXResourcesBuildPhase section */
		1C8641FF253DC28400094367 /* Resources */ = {
			isa = PBXResourcesBuildPhase;
			buildActionMask = 2147483647;
			files = (
				1C864230253DC30300094367 /* wrong.caf in Resources */,
				1C86422C253DC30300094367 /* sliceBombFuse.caf in Resources */,
				1C86422F253DC30300094367 /* swoosh1.caf in Resources */,
				1C864210253DC28400094367 /* Main.storyboard in Resources */,
				1C86422D253DC30300094367 /* swoosh2.caf in Resources */,
				1C864226253DC30200094367 /* swoosh3.caf in Resources */,
				1C864207253DC28400094367 /* GameScene.sks in Resources */,
				1C864229253DC30200094367 /* launch.caf in Resources */,
				1C864228253DC30200094367 /* sliceHitEnemy.sks in Resources */,
				1C864212253DC28A00094367 /* Assets.xcassets in Resources */,
				1C86422A253DC30200094367 /* explosion.caf in Resources */,
				1C864227253DC30200094367 /* sliceHitBomb.sks in Resources */,
				1C86422B253DC30300094367 /* sliceFuse.sks in Resources */,
				1C86422E253DC30300094367 /* whack.caf in Resources */,
			);
			runOnlyForDeploymentPostprocessing = 0;
		};
/* End PBXResourcesBuildPhase section */

/* Begin PBXSourcesBuildPhase section */
		1C8641FD253DC28400094367 /* Sources */ = {
			isa = PBXSourcesBuildPhase;
			buildActionMask = 2147483647;
			files = (
				1C86420B253DC28400094367 /* GameScene.swift in Sources */,
				1C86420D253DC28400094367 /* GameViewController.swift in Sources */,
				1C864205253DC28400094367 /* AppDelegate.swift in Sources */,
			);
			runOnlyForDeploymentPostprocessing = 0;
		};
/* End PBXSourcesBuildPhase section */

/* Begin PBXVariantGroup section */
		1C86420E253DC28400094367 /* Main.storyboard */ = {
			isa = PBXVariantGroup;
			children = (
				1C86420F253DC28400094367 /* Base */,
			);
			name = Main.storyboard;
			sourceTree = "<group>";
		};
/* End PBXVariantGroup section */

/* Begin XCBuildConfiguration section */
		1C864214253DC28A00094367 /* Debug */ = {
			isa = XCBuildConfiguration;
			buildSettings = {
				ALWAYS_SEARCH_USER_PATHS = NO;
				CLANG_ANALYZER_NONNULL = YES;
				CLANG_ANALYZER_NUMBER_OBJECT_CONVERSION = YES_AGGRESSIVE;
				CLANG_CXX_LANGUAGE_STANDARD = "gnu++14";
				CLANG_CXX_LIBRARY = "libc++";
				CLANG_ENABLE_MODULES = YES;
				CLANG_ENABLE_OBJC_ARC = YES;
				CLANG_ENABLE_OBJC_WEAK = YES;
				CLANG_WARN_BLOCK_CAPTURE_AUTORELEASING = YES;
				CLANG_WARN_BOOL_CONVERSION = YES;
				CLANG_WARN_COMMA = YES;
				CLANG_WARN_CONSTANT_CONVERSION = YES;
				CLANG_WARN_DEPRECATED_OBJC_IMPLEMENTATIONS = YES;
				CLANG_WARN_DIRECT_OBJC_ISA_USAGE = YES_ERROR;
				CLANG_WARN_DOCUMENTATION_COMMENTS = YES;
				CLANG_WARN_EMPTY_BODY = YES;
				CLANG_WARN_ENUM_CONVERSION = YES;
				CLANG_WARN_INFINITE_RECURSION = YES;
				CLANG_WARN_INT_CONVERSION = YES;
				CLANG_WARN_NON_LITERAL_NULL_CONVERSION = YES;
				CLANG_WARN_OBJC_IMPLICIT_RETAIN_SELF = YES;
				CLANG_WARN_OBJC_LITERAL_CONVERSION = YES;
				CLANG_WARN_OBJC_ROOT_CLASS = YES_ERROR;
				CLANG_WARN_QUOTED_INCLUDE_IN_FRAMEWORK_HEADER = YES;
				CLANG_WARN_RANGE_LOOP_ANALYSIS = YES;
				CLANG_WARN_STRICT_PROTOTYPES = YES;
				CLANG_WARN_SUSPICIOUS_MOVE = YES;
				CLANG_WARN_UNGUARDED_AVAILABILITY = YES_AGGRESSIVE;
				CLANG_WARN_UNREACHABLE_CODE = YES;
				CLANG_WARN__DUPLICATE_METHOD_MATCH = YES;
				COPY_PHASE_STRIP = NO;
				DEBUG_INFORMATION_FORMAT = dwarf;
				ENABLE_STRICT_OBJC_MSGSEND = YES;
				ENABLE_TESTABILITY = YES;
				GCC_C_LANGUAGE_STANDARD = gnu11;
				GCC_DYNAMIC_NO_PIC = NO;
				GCC_NO_COMMON_BLOCKS = YES;
				GCC_OPTIMIZATION_LEVEL = 0;
				GCC_PREPROCESSOR_DEFINITIONS = (
					"DEBUG=1",
					"$(inherited)",
				);
				GCC_WARN_64_TO_32_BIT_CONVERSION = YES;
				GCC_WARN_ABOUT_RETURN_TYPE = YES_ERROR;
				GCC_WARN_UNDECLARED_SELECTOR = YES;
				GCC_WARN_UNINITIALIZED_AUTOS = YES_AGGRESSIVE;
				GCC_WARN_UNUSED_FUNCTION = YES;
				GCC_WARN_UNUSED_VARIABLE = YES;
				IPHONEOS_DEPLOYMENT_TARGET = 14.0;
				MTL_ENABLE_DEBUG_INFO = INCLUDE_SOURCE;
				MTL_FAST_MATH = YES;
				ONLY_ACTIVE_ARCH = YES;
				SDKROOT = iphoneos;
				SWIFT_ACTIVE_COMPILATION_CONDITIONS = DEBUG;
				SWIFT_OPTIMIZATION_LEVEL = "-Onone";
			};
			name = Debug;
		};
		1C864215253DC28A00094367 /* Release */ = {
			isa = XCBuildConfiguration;
			buildSettings = {
				ALWAYS_SEARCH_USER_PATHS = NO;
				CLANG_ANALYZER_NONNULL = YES;
				CLANG_ANALYZER_NUMBER_OBJECT_CONVERSION = YES_AGGRESSIVE;
				CLANG_CXX_LANGUAGE_STANDARD = "gnu++14";
				CLANG_CXX_LIBRARY = "libc++";
				CLANG_ENABLE_MODULES = YES;
				CLANG_ENABLE_OBJC_ARC = YES;
				CLANG_ENABLE_OBJC_WEAK = YES;
				CLANG_WARN_BLOCK_CAPTURE_AUTORELEASING = YES;
				CLANG_WARN_BOOL_CONVERSION = YES;
				CLANG_WARN_COMMA = YES;
				CLANG_WARN_CONSTANT_CONVERSION = YES;
				CLANG_WARN_DEPRECATED_OBJC_IMPLEMENTATIONS = YES;
				CLANG_WARN_DIRECT_OBJC_ISA_USAGE = YES_ERROR;
				CLANG_WARN_DOCUMENTATION_COMMENTS = YES;
				CLANG_WARN_EMPTY_BODY = YES;
				CLANG_WARN_ENUM_CONVERSION = YES;
				CLANG_WARN_INFINITE_RECURSION = YES;
				CLANG_WARN_INT_CONVERSION = YES;
				CLANG_WARN_NON_LITERAL_NULL_CONVERSION = YES;
				CLANG_WARN_OBJC_IMPLICIT_RETAIN_SELF = YES;
				CLANG_WARN_OBJC_LITERAL_CONVERSION = YES;
				CLANG_WARN_OBJC_ROOT_CLASS = YES_ERROR;
				CLANG_WARN_QUOTED_INCLUDE_IN_FRAMEWORK_HEADER = YES;
				CLANG_WARN_RANGE_LOOP_ANALYSIS = YES;
				CLANG_WARN_STRICT_PROTOTYPES = YES;
				CLANG_WARN_SUSPICIOUS_MOVE = YES;
				CLANG_WARN_UNGUARDED_AVAILABILITY = YES_AGGRESSIVE;
				CLANG_WARN_UNREACHABLE_CODE = YES;
				CLANG_WARN__DUPLICATE_METHOD_MATCH = YES;
				COPY_PHASE_STRIP = NO;
				DEBUG_INFORMATION_FORMAT = "dwarf-with-dsym";
				ENABLE_NS_ASSERTIONS = NO;
				ENABLE_STRICT_OBJC_MSGSEND = YES;
				GCC_C_LANGUAGE_STANDARD = gnu11;
				GCC_NO_COMMON_BLOCKS = YES;
				GCC_WARN_64_TO_32_BIT_CONVERSION = YES;
				GCC_WARN_ABOUT_RETURN_TYPE = YES_ERROR;
				GCC_WARN_UNDECLARED_SELECTOR = YES;
				GCC_WARN_UNINITIALIZED_AUTOS = YES_AGGRESSIVE;
				GCC_WARN_UNUSED_FUNCTION = YES;
				GCC_WARN_UNUSED_VARIABLE = YES;
				IPHONEOS_DEPLOYMENT_TARGET = 14.0;
				MTL_ENABLE_DEBUG_INFO = NO;
				MTL_FAST_MATH = YES;
				SDKROOT = iphoneos;
				SWIFT_COMPILATION_MODE = wholemodule;
				SWIFT_OPTIMIZATION_LEVEL = "-O";
				VALIDATE_PRODUCT = YES;
			};
			name = Release;
		};
		1C864217253DC28A00094367 /* Debug */ = {
			isa = XCBuildConfiguration;
			buildSettings = {
				ASSETCATALOG_COMPILER_APPICON_NAME = AppIcon;
				ASSETCATALOG_COMPILER_GLOBAL_ACCENT_COLOR_NAME = AccentColor;
				CODE_SIGN_STYLE = Automatic;
				DEVELOPMENT_TEAM = HP6WDMAW63;
				INFOPLIST_FILE = Project23/Info.plist;
				LD_RUNPATH_SEARCH_PATHS = (
					"$(inherited)",
					"@executable_path/Frameworks",
				);
				PRODUCT_BUNDLE_IDENTIFIER = com.sahilsatralkar.Project23;
				PRODUCT_NAME = "$(TARGET_NAME)";
				SWIFT_VERSION = 5.0;
				TARGETED_DEVICE_FAMILY = 2;
			};
			name = Debug;
		};
		1C864218253DC28A00094367 /* Release */ = {
			isa = XCBuildConfiguration;
			buildSettings = {
				ASSETCATALOG_COMPILER_APPICON_NAME = AppIcon;
				ASSETCATALOG_COMPILER_GLOBAL_ACCENT_COLOR_NAME = AccentColor;
				CODE_SIGN_STYLE = Automatic;
				DEVELOPMENT_TEAM = HP6WDMAW63;
				INFOPLIST_FILE = Project23/Info.plist;
				LD_RUNPATH_SEARCH_PATHS = (
					"$(inherited)",
					"@executable_path/Frameworks",
				);
				PRODUCT_BUNDLE_IDENTIFIER = com.sahilsatralkar.Project23;
				PRODUCT_NAME = "$(TARGET_NAME)";
				SWIFT_VERSION = 5.0;
				TARGETED_DEVICE_FAMILY = 2;
			};
			name = Release;
		};
/* End XCBuildConfiguration section */

/* Begin XCConfigurationList section */
		1C8641FC253DC28300094367 /* Build configuration list for PBXProject "Project23" */ = {
			isa = XCConfigurationList;
			buildConfigurations = (
				1C864214253DC28A00094367 /* Debug */,
				1C864215253DC28A00094367 /* Release */,
			);
			defaultConfigurationIsVisible = 0;
			defaultConfigurationName = Release;
		};
		1C864216253DC28A00094367 /* Build configuration list for PBXNativeTarget "Project23" */ = {
			isa = XCConfigurationList;
			buildConfigurations = (
				1C864217253DC28A00094367 /* Debug */,
				1C864218253DC28A00094367 /* Release */,
			);
			defaultConfigurationIsVisible = 0;
			defaultConfigurationName = Release;
		};
/* End XCConfigurationList section */
	};
	rootObject = 1C8641F9253DC28300094367 /* Project object */;
}
