// !$*UTF8*$!
{
	archiveVersion = 1;
	classes = {
	};
	objectVersion = 50;
	objects = {

/* Begin PBXBuildFile section */
		1C16308425165FB100332C07 /* gameOver.caf in Resources */ = {isa = PBXBuildFile; fileRef = 1C16308325165FB100332C07 /* gameOver.caf */; };
		1C163087251664CC00332C07 /* mudParticles.sks in Resources */ = {isa = PBXBuildFile; fileRef = 1C163086251664CB00332C07 /* mudParticles.sks */; };
		1C16308C25169BC800332C07 /* smokeEmitter.sks in Resources */ = {isa = PBXBuildFile; fileRef = 1C16308B25169BC800332C07 /* smokeEmitter.sks */; };
		1CC83EB825134D3800FA07A8 /* AppDelegate.swift in Sources */ = {isa = PBXBuildFile; fileRef = 1CC83EB725134D3800FA07A8 /* AppDelegate.swift */; };
		1CC83EBA25134D3800FA07A8 /* GameScene.sks in Resources */ = {isa = PBXBuildFile; fileRef = 1CC83EB925134D3800FA07A8 /* GameScene.sks */; };
		1CC83EBE25134D3800FA07A8 /* GameScene.swift in Sources */ = {isa = PBXBuildFile; fileRef = 1CC83EBD25134D3800FA07A8 /* GameScene.swift */; };
		1CC83EC025134D3800FA07A8 /* GameViewController.swift in Sources */ = {isa = PBXBuildFile; fileRef = 1CC83EBF25134D3800FA07A8 /* GameViewController.swift */; };
		1CC83EC325134D3800FA07A8 /* Main.storyboard in Resources */ = {isa = PBXBuildFile; fileRef = 1CC83EC125134D3800FA07A8 /* Main.storyboard */; };
		1CC83EC525134D3D00FA07A8 /* Assets.xcassets in Resources */ = {isa = PBXBuildFile; fileRef = 1CC83EC425134D3D00FA07A8 /* Assets.xcassets */; };
		1CC83EC825134D3D00FA07A8 /* LaunchScreen.storyboard in Resources */ = {isa = PBXBuildFile; fileRef = 1CC83EC625134D3D00FA07A8 /* LaunchScreen.storyboard */; };
		1CC83ED125134E6300FA07A8 /* whackBad.caf in Resources */ = {isa = PBXBuildFile; fileRef = 1CC83ECF25134E6300FA07A8 /* whackBad.caf */; };
		1CC83ED225134E6300FA07A8 /* whack.caf in Resources */ = {isa = PBXBuildFile; fileRef = 1CC83ED025134E6300FA07A8 /* whack.caf */; };
		1CFF891D251363F500BFC2D5 /* WhackSlot.swift in Sources */ = {isa = PBXBuildFile; fileRef = 1CFF891C251363F500BFC2D5 /* WhackSlot.swift */; };
/* End PBXBuildFile section */

/* Begin PBXFileReference section */
		1C16308325165FB100332C07 /* gameOver.caf */ = {isa = PBXFileReference; lastKnownFileType = file; path = gameOver.caf; sourceTree = "<group>"; };
		1C163086251664CB00332C07 /* mudParticles.sks */ = {isa = PBXFileReference; lastKnownFileType = file.sks; name = mudParticles.sks; path = ../../Project11/Project11/mudParticles.sks; sourceTree = "<group>"; };
		1C16308B25169BC800332C07 /* smokeEmitter.sks */ = {isa = PBXFileReference; lastKnownFileType = file.sks; path = smokeEmitter.sks; sourceTree = "<group>"; };
		1CC83EB425134D3800FA07A8 /* Project14.app */ = {isa = PBXFileReference; explicitFileType = wrapper.application; includeInIndex = 0; path = Project14.app; sourceTree = BUILT_PRODUCTS_DIR; };
		1CC83EB725134D3800FA07A8 /* AppDelegate.swift */ = {isa = PBXFileReference; lastKnownFileType = sourcecode.swift; path = AppDelegate.swift; sourceTree = "<group>"; };
		1CC83EB925134D3800FA07A8 /* GameScene.sks */ = {isa = PBXFileReference; lastKnownFileType = file.sks; path = GameScene.sks; sourceTree = "<group>"; };
		1CC83EBD25134D3800FA07A8 /* GameScene.swift */ = {isa = PBXFileReference; lastKnownFileType = sourcecode.swift; path = GameScene.swift; sourceTree = "<group>"; };
		1CC83EBF25134D3800FA07A8 /* GameViewController.swift */ = {isa = PBXFileReference; lastKnownFileType = sourcecode.swift; path = GameViewController.swift; sourceTree = "<group>"; };
		1CC83EC225134D3800FA07A8 /* Base */ = {isa = PBXFileReference; lastKnownFileType = file.storyboard; name = Base; path = Base.lproj/Main.storyboard; sourceTree = "<group>"; };
		1CC83EC425134D3D00FA07A8 /* Assets.xcassets */ = {isa = PBXFileReference; lastKnownFileType = folder.assetcatalog; path = Assets.xcassets; sourceTree = "<group>"; };
		1CC83EC725134D3D00FA07A8 /* Base */ = {isa = PBXFileReference; lastKnownFileType = file.storyboard; name = Base; path = Base.lproj/LaunchScreen.storyboard; sourceTree = "<group>"; };
		1CC83EC925134D3D00FA07A8 /* Info.plist */ = {isa = PBXFileReference; lastKnownFileType = text.plist.xml; path = Info.plist; sourceTree = "<group>"; };
		1CC83ECF25134E6300FA07A8 /* whackBad.caf */ = {isa = PBXFileReference; lastKnownFileType = file; path = whackBad.caf; sourceTree = "<group>"; };
		1CC83ED025134E6300FA07A8 /* whack.caf */ = {isa = PBXFileReference; lastKnownFileType = file; path = whack.caf; sourceTree = "<group>"; };
		1CFF891C251363F500BFC2D5 /* WhackSlot.swift */ = {isa = PBXFileReference; lastKnownFileType = sourcecode.swift; path = WhackSlot.swift; sourceTree = "<group>"; };
/* End PBXFileReference section */

/* Begin PBXFrameworksBuildPhase section */
		1CC83EB125134D3800FA07A8 /* Frameworks */ = {
			isa = PBXFrameworksBuildPhase;
			buildActionMask = 2147483647;
			files = (
			);
			runOnlyForDeploymentPostprocessing = 0;
		};
/* End PBXFrameworksBuildPhase section */

/* Begin PBXGroup section */
		1CC83EAB25134D3800FA07A8 = {
			isa = PBXGroup;
			children = (
				1CC83EB625134D3800FA07A8 /* Project14 */,
				1CC83EB525134D3800FA07A8 /* Products */,
			);
			sourceTree = "<group>";
		};
		1CC83EB525134D3800FA07A8 /* Products */ = {
			isa = PBXGroup;
			children = (
				1CC83EB425134D3800FA07A8 /* Project14.app */,
			);
			name = Products;
			sourceTree = "<group>";
		};
		1CC83EB625134D3800FA07A8 /* Project14 */ = {
			isa = PBXGroup;
			children = (
				1CC83EB725134D3800FA07A8 /* AppDelegate.swift */,
				1CC83EB925134D3800FA07A8 /* GameScene.sks */,
				1CFF891C251363F500BFC2D5 /* WhackSlot.swift */,
				1CC83EBD25134D3800FA07A8 /* GameScene.swift */,
				1CC83EBF25134D3800FA07A8 /* GameViewController.swift */,
				1CC83EC125134D3800FA07A8 /* Main.storyboard */,
				1CC83EC425134D3D00FA07A8 /* Assets.xcassets */,
				1CC83EC625134D3D00FA07A8 /* LaunchScreen.storyboard */,
				1CC83EC925134D3D00FA07A8 /* Info.plist */,
				1CC83ED025134E6300FA07A8 /* whack.caf */,
				1CC83ECF25134E6300FA07A8 /* whackBad.caf */,
				1C16308325165FB100332C07 /* gameOver.caf */,
				1C16308B25169BC800332C07 /* smokeEmitter.sks */,
				1C163086251664CB00332C07 /* mudParticles.sks */,
			);
			path = Project14;
			sourceTree = "<group>";
		};
/* End PBXGroup section */

/* Begin PBXNativeTarget section */
		1CC83EB325134D3800FA07A8 /* Project14 */ = {
			isa = PBXNativeTarget;
			buildConfigurationList = 1CC83ECC25134D3D00FA07A8 /* Build configuration list for PBXNativeTarget "Project14" */;
			buildPhases = (
				1CC83EB025134D3800FA07A8 /* Sources */,
				1CC83EB125134D3800FA07A8 /* Frameworks */,
				1CC83EB225134D3800FA07A8 /* Resources */,
			);
			buildRules = (
			);
			dependencies = (
			);
			name = Project14;
			productName = Project14;
			productReference = 1CC83EB425134D3800FA07A8 /* Project14.app */;
			productType = "com.apple.product-type.application";
		};
/* End PBXNativeTarget section */

/* Begin PBXProject section */
		1CC83EAC25134D3800FA07A8 /* Project object */ = {
			isa = PBXProject;
			attributes = {
				LastSwiftUpdateCheck = 1170;
				LastUpgradeCheck = 1200;
				ORGANIZATIONNAME = "Sahil Satralkar";
				TargetAttributes = {
					1CC83EB325134D3800FA07A8 = {
						CreatedOnToolsVersion = 11.7;
					};
				};
			};
			buildConfigurationList = 1CC83EAF25134D3800FA07A8 /* Build configuration list for PBXProject "Project14" */;
			compatibilityVersion = "Xcode 9.3";
			developmentRegion = en;
			hasScannedForEncodings = 0;
			knownRegions = (
				en,
				Base,
			);
			mainGroup = 1CC83EAB25134D3800FA07A8;
			productRefGroup = 1CC83EB525134D3800FA07A8 /* Products */;
			projectDirPath = "";
			projectRoot = "";
			targets = (
				1CC83EB325134D3800FA07A8 /* Project14 */,
			);
		};
/* End PBXProject section */

/* Begin PBXResourcesBuildPhase section */
		1CC83EB225134D3800FA07A8 /* Resources */ = {
			isa = PBXResourcesBuildPhase;
			buildActionMask = 2147483647;
			files = (
				1C16308425165FB100332C07 /* gameOver.caf in Resources */,
				1CC83ED125134E6300FA07A8 /* whackBad.caf in Resources */,
				1CC83EC325134D3800FA07A8 /* Main.storyboard in Resources */,
				1CC83EBA25134D3800FA07A8 /* GameScene.sks in Resources */,
				1CC83EC525134D3D00FA07A8 /* Assets.xcassets in Resources */,
				1C163087251664CC00332C07 /* mudParticles.sks in Resources */,
				1C16308C25169BC800332C07 /* smokeEmitter.sks in Resources */,
				1CC83EC825134D3D00FA07A8 /* LaunchScreen.storyboard in Resources */,
				1CC83ED225134E6300FA07A8 /* whack.caf in Resources */,
			);
			runOnlyForDeploymentPostprocessing = 0;
		};
/* End PBXResourcesBuildPhase section */

/* Begin PBXSourcesBuildPhase section */
		1CC83EB025134D3800FA07A8 /* Sources */ = {
			isa = PBXSourcesBuildPhase;
			buildActionMask = 2147483647;
			files = (
				1CC83EBE25134D3800FA07A8 /* GameScene.swift in Sources */,
				1CC83EC025134D3800FA07A8 /* GameViewController.swift in Sources */,
				1CFF891D251363F500BFC2D5 /* WhackSlot.swift in Sources */,
				1CC83EB825134D3800FA07A8 /* AppDelegate.swift in Sources */,
			);
			runOnlyForDeploymentPostprocessing = 0;
		};
/* End PBXSourcesBuildPhase section */

/* Begin PBXVariantGroup section */
		1CC83EC125134D3800FA07A8 /* Main.storyboard */ = {
			isa = PBXVariantGroup;
			children = (
				1CC83EC225134D3800FA07A8 /* Base */,
			);
			name = Main.storyboard;
			sourceTree = "<group>";
		};
		1CC83EC625134D3D00FA07A8 /* LaunchScreen.storyboard */ = {
			isa = PBXVariantGroup;
			children = (
				1CC83EC725134D3D00FA07A8 /* Base */,
			);
			name = LaunchScreen.storyboard;
			sourceTree = "<group>";
		};
/* End PBXVariantGroup section */

/* Begin XCBuildConfiguration section */
		1CC83ECA25134D3D00FA07A8 /* Debug */ = {
			isa = XCBuildConfiguration;
			buildSettings = {
				ALWAYS_SEARCH_USER_PATHS = NO;
				CLANG_ANALYZER_NONNULL = YES;
				CLANG_ANALYZER_NUMBER_OBJECT_CONVERSION = YES_AGGRESSIVE;
				CLANG_CXX_LANGUAGE_STANDARD = "gnu++14";
				CLANG_CXX_LIBRARY = "libc++";
				CLANG_ENABLE_MODULES = YES;
				CLANG_ENABLE_OBJC_ARC = YES;
				CLANG_ENABLE_OBJC_WEAK = YES;
				CLANG_WARN_BLOCK_CAPTURE_AUTORELEASING = YES;
				CLANG_WARN_BOOL_CONVERSION = YES;
				CLANG_WARN_COMMA = YES;
				CLANG_WARN_CONSTANT_CONVERSION = YES;
				CLANG_WARN_DEPRECATED_OBJC_IMPLEMENTATIONS = YES;
				CLANG_WARN_DIRECT_OBJC_ISA_USAGE = YES_ERROR;
				CLANG_WARN_DOCUMENTATION_COMMENTS = YES;
				CLANG_WARN_EMPTY_BODY = YES;
				CLANG_WARN_ENUM_CONVERSION = YES;
				CLANG_WARN_INFINITE_RECURSION = YES;
				CLANG_WARN_INT_CONVERSION = YES;
				CLANG_WARN_NON_LITERAL_NULL_CONVERSION = YES;
				CLANG_WARN_OBJC_IMPLICIT_RETAIN_SELF = YES;
				CLANG_WARN_OBJC_LITERAL_CONVERSION = YES;
				CLANG_WARN_OBJC_ROOT_CLASS = YES_ERROR;
				CLANG_WARN_QUOTED_INCLUDE_IN_FRAMEWORK_HEADER = YES;
				CLANG_WARN_RANGE_LOOP_ANALYSIS = YES;
				CLANG_WARN_STRICT_PROTOTYPES = YES;
				CLANG_WARN_SUSPICIOUS_MOVE = YES;
				CLANG_WARN_UNGUARDED_AVAILABILITY = YES_AGGRESSIVE;
				CLANG_WARN_UNREACHABLE_CODE = YES;
				CLANG_WARN__DUPLICATE_METHOD_MATCH = YES;
				COPY_PHASE_STRIP = NO;
				DEBUG_INFORMATION_FORMAT = dwarf;
				ENABLE_STRICT_OBJC_MSGSEND = YES;
				ENABLE_TESTABILITY = YES;
				GCC_C_LANGUAGE_STANDARD = gnu11;
				GCC_DYNAMIC_NO_PIC = NO;
				GCC_NO_COMMON_BLOCKS = YES;
				GCC_OPTIMIZATION_LEVEL = 0;
				GCC_PREPROCESSOR_DEFINITIONS = (
					"DEBUG=1",
					"$(inherited)",
				);
				GCC_WARN_64_TO_32_BIT_CONVERSION = YES;
				GCC_WARN_ABOUT_RETURN_TYPE = YES_ERROR;
				GCC_WARN_UNDECLARED_SELECTOR = YES;
				GCC_WARN_UNINITIALIZED_AUTOS = YES_AGGRESSIVE;
				GCC_WARN_UNUSED_FUNCTION = YES;
				GCC_WARN_UNUSED_VARIABLE = YES;
				IPHONEOS_DEPLOYMENT_TARGET = 13.7;
				MTL_ENABLE_DEBUG_INFO = INCLUDE_SOURCE;
				MTL_FAST_MATH = YES;
				ONLY_ACTIVE_ARCH = YES;
				SDKROOT = iphoneos;
				SWIFT_ACTIVE_COMPILATION_CONDITIONS = DEBUG;
				SWIFT_OPTIMIZATION_LEVEL = "-Onone";
			};
			name = Debug;
		};
		1CC83ECB25134D3D00FA07A8 /* Release */ = {
			isa = XCBuildConfiguration;
			buildSettings = {
				ALWAYS_SEARCH_USER_PATHS = NO;
				CLANG_ANALYZER_NONNULL = YES;
				CLANG_ANALYZER_NUMBER_OBJECT_CONVERSION = YES_AGGRESSIVE;
				CLANG_CXX_LANGUAGE_STANDARD = "gnu++14";
				CLANG_CXX_LIBRARY = "libc++";
				CLANG_ENABLE_MODULES = YES;
				CLANG_ENABLE_OBJC_ARC = YES;
				CLANG_ENABLE_OBJC_WEAK = YES;
				CLANG_WARN_BLOCK_CAPTURE_AUTORELEASING = YES;
				CLANG_WARN_BOOL_CONVERSION = YES;
				CLANG_WARN_COMMA = YES;
				CLANG_WARN_CONSTANT_CONVERSION = YES;
				CLANG_WARN_DEPRECATED_OBJC_IMPLEMENTATIONS = YES;
				CLANG_WARN_DIRECT_OBJC_ISA_USAGE = YES_ERROR;
				CLANG_WARN_DOCUMENTATION_COMMENTS = YES;
				CLANG_WARN_EMPTY_BODY = YES;
				CLANG_WARN_ENUM_CONVERSION = YES;
				CLANG_WARN_INFINITE_RECURSION = YES;
				CLANG_WARN_INT_CONVERSION = YES;
				CLANG_WARN_NON_LITERAL_NULL_CONVERSION = YES;
				CLANG_WARN_OBJC_IMPLICIT_RETAIN_SELF = YES;
				CLANG_WARN_OBJC_LITERAL_CONVERSION = YES;
				CLANG_WARN_OBJC_ROOT_CLASS = YES_ERROR;
				CLANG_WARN_QUOTED_INCLUDE_IN_FRAMEWORK_HEADER = YES;
				CLANG_WARN_RANGE_LOOP_ANALYSIS = YES;
				CLANG_WARN_STRICT_PROTOTYPES = YES;
				CLANG_WARN_SUSPICIOUS_MOVE = YES;
				CLANG_WARN_UNGUARDED_AVAILABILITY = YES_AGGRESSIVE;
				CLANG_WARN_UNREACHABLE_CODE = YES;
				CLANG_WARN__DUPLICATE_METHOD_MATCH = YES;
				COPY_PHASE_STRIP = NO;
				DEBUG_INFORMATION_FORMAT = "dwarf-with-dsym";
				ENABLE_NS_ASSERTIONS = NO;
				ENABLE_STRICT_OBJC_MSGSEND = YES;
				GCC_C_LANGUAGE_STANDARD = gnu11;
				GCC_NO_COMMON_BLOCKS = YES;
				GCC_WARN_64_TO_32_BIT_CONVERSION = YES;
				GCC_WARN_ABOUT_RETURN_TYPE = YES_ERROR;
				GCC_WARN_UNDECLARED_SELECTOR = YES;
				GCC_WARN_UNINITIALIZED_AUTOS = YES_AGGRESSIVE;
				GCC_WARN_UNUSED_FUNCTION = YES;
				GCC_WARN_UNUSED_VARIABLE = YES;
				IPHONEOS_DEPLOYMENT_TARGET = 13.7;
				MTL_ENABLE_DEBUG_INFO = NO;
				MTL_FAST_MATH = YES;
				SDKROOT = iphoneos;
				SWIFT_COMPILATION_MODE = wholemodule;
				SWIFT_OPTIMIZATION_LEVEL = "-O";
				VALIDATE_PRODUCT = YES;
			};
			name = Release;
		};
		1CC83ECD25134D3D00FA07A8 /* Debug */ = {
			isa = XCBuildConfiguration;
			buildSettings = {
				ASSETCATALOG_COMPILER_APPICON_NAME = AppIcon;
				CODE_SIGN_STYLE = Automatic;
				DEVELOPMENT_TEAM = HP6WDMAW63;
				INFOPLIST_FILE = Project14/Info.plist;
				IPHONEOS_DEPLOYMENT_TARGET = 12.4;
				LD_RUNPATH_SEARCH_PATHS = (
					"$(inherited)",
					"@executable_path/Frameworks",
				);
				PRODUCT_BUNDLE_IDENTIFIER = com.sahilsatralkar.Project14;
				PRODUCT_NAME = "$(TARGET_NAME)";
				SWIFT_VERSION = 5.0;
				TARGETED_DEVICE_FAMILY = 2;
			};
			name = Debug;
		};
		1CC83ECE25134D3D00FA07A8 /* Release */ = {
			isa = XCBuildConfiguration;
			buildSettings = {
				ASSETCATALOG_COMPILER_APPICON_NAME = AppIcon;
				CODE_SIGN_STYLE = Automatic;
				DEVELOPMENT_TEAM = HP6WDMAW63;
				INFOPLIST_FILE = Project14/Info.plist;
				IPHONEOS_DEPLOYMENT_TARGET = 12.4;
				LD_RUNPATH_SEARCH_PATHS = (
					"$(inherited)",
					"@executable_path/Frameworks",
				);
				PRODUCT_BUNDLE_IDENTIFIER = com.sahilsatralkar.Project14;
				PRODUCT_NAME = "$(TARGET_NAME)";
				SWIFT_VERSION = 5.0;
				TARGETED_DEVICE_FAMILY = 2;
			};
			name = Release;
		};
/* End XCBuildConfiguration section */

/* Begin XCConfigurationList section */
		1CC83EAF25134D3800FA07A8 /* Build configuration list for PBXProject "Project14" */ = {
			isa = XCConfigurationList;
			buildConfigurations = (
				1CC83ECA25134D3D00FA07A8 /* Debug */,
				1CC83ECB25134D3D00FA07A8 /* Release */,
			);
			defaultConfigurationIsVisible = 0;
			defaultConfigurationName = Release;
		};
		1CC83ECC25134D3D00FA07A8 /* Build configuration list for PBXNativeTarget "Project14" */ = {
			isa = XCConfigurationList;
			buildConfigurations = (
				1CC83ECD25134D3D00FA07A8 /* Debug */,
				1CC83ECE25134D3D00FA07A8 /* Release */,
			);
			defaultConfigurationIsVisible = 0;
			defaultConfigurationName = Release;
		};
/* End XCConfigurationList section */
	};
	rootObject = 1CC83EAC25134D3800FA07A8 /* Project object */;
}
